// !$*UTF8*$!
{
	archiveVersion = 1;
	classes = {
	};
	objectVersion = 50;
	objects = {

/* Begin PBXBuildFile section */
		CD7EAD87238EC77F006BA9A2 /* AppDelegate.swift in Sources */ = {isa = PBXBuildFile; fileRef = CD7EAD86238EC77F006BA9A2 /* AppDelegate.swift */; };
		CD7EAD89238EC77F006BA9A2 /* SceneDelegate.swift in Sources */ = {isa = PBXBuildFile; fileRef = CD7EAD88238EC77F006BA9A2 /* SceneDelegate.swift */; };
		CD7EAD8B238EC77F006BA9A2 /* ViewController.swift in Sources */ = {isa = PBXBuildFile; fileRef = CD7EAD8A238EC77F006BA9A2 /* ViewController.swift */; };
		CD7EAD8E238EC77F006BA9A2 /* Main.storyboard in Resources */ = {isa = PBXBuildFile; fileRef = CD7EAD8C238EC77F006BA9A2 /* Main.storyboard */; };
		CD7EAD90238EC77F006BA9A2 /* Assets.xcassets in Resources */ = {isa = PBXBuildFile; fileRef = CD7EAD8F238EC77F006BA9A2 /* Assets.xcassets */; };
		CD7EAD93238EC77F006BA9A2 /* LaunchScreen.storyboard in Resources */ = {isa = PBXBuildFile; fileRef = CD7EAD91238EC77F006BA9A2 /* LaunchScreen.storyboard */; };
		CD7EAD9E238EC780006BA9A2 /* tagARTests.swift in Sources */ = {isa = PBXBuildFile; fileRef = CD7EAD9D238EC780006BA9A2 /* tagARTests.swift */; };
		CD7EADA9238EC780006BA9A2 /* tagARUITests.swift in Sources */ = {isa = PBXBuildFile; fileRef = CD7EADA8238EC780006BA9A2 /* tagARUITests.swift */; };
/* End PBXBuildFile section */

/* Begin PBXContainerItemProxy section */
		CD7EAD9A238EC780006BA9A2 /* PBXContainerItemProxy */ = {
			isa = PBXContainerItemProxy;
			containerPortal = CD7EAD7B238EC77F006BA9A2 /* Project object */;
			proxyType = 1;
			remoteGlobalIDString = CD7EAD82238EC77F006BA9A2;
			remoteInfo = tagAR;
		};
		CD7EADA5238EC780006BA9A2 /* PBXContainerItemProxy */ = {
			isa = PBXContainerItemProxy;
			containerPortal = CD7EAD7B238EC77F006BA9A2 /* Project object */;
			proxyType = 1;
			remoteGlobalIDString = CD7EAD82238EC77F006BA9A2;
			remoteInfo = tagAR;
		};
/* End PBXContainerItemProxy section */

/* Begin PBXFileReference section */
		CD7EAD83238EC77F006BA9A2 /* tagAR.app */ = {isa = PBXFileReference; explicitFileType = wrapper.application; includeInIndex = 0; path = tagAR.app; sourceTree = BUILT_PRODUCTS_DIR; };
		CD7EAD86238EC77F006BA9A2 /* AppDelegate.swift */ = {isa = PBXFileReference; lastKnownFileType = sourcecode.swift; path = AppDelegate.swift; sourceTree = "<group>"; };
		CD7EAD88238EC77F006BA9A2 /* SceneDelegate.swift */ = {isa = PBXFileReference; lastKnownFileType = sourcecode.swift; path = SceneDelegate.swift; sourceTree = "<group>"; };
		CD7EAD8A238EC77F006BA9A2 /* ViewController.swift */ = {isa = PBXFileReference; lastKnownFileType = sourcecode.swift; path = ViewController.swift; sourceTree = "<group>"; };
		CD7EAD8D238EC77F006BA9A2 /* Base */ = {isa = PBXFileReference; lastKnownFileType = file.storyboard; name = Base; path = Base.lproj/Main.storyboard; sourceTree = "<group>"; };
		CD7EAD8F238EC77F006BA9A2 /* Assets.xcassets */ = {isa = PBXFileReference; lastKnownFileType = folder.assetcatalog; path = Assets.xcassets; sourceTree = "<group>"; };
		CD7EAD92238EC77F006BA9A2 /* Base */ = {isa = PBXFileReference; lastKnownFileType = file.storyboard; name = Base; path = Base.lproj/LaunchScreen.storyboard; sourceTree = "<group>"; };
		CD7EAD94238EC77F006BA9A2 /* Info.plist */ = {isa = PBXFileReference; lastKnownFileType = text.plist.xml; path = Info.plist; sourceTree = "<group>"; };
		CD7EAD99238EC780006BA9A2 /* tagARTests.xctest */ = {isa = PBXFileReference; explicitFileType = wrapper.cfbundle; includeInIndex = 0; path = tagARTests.xctest; sourceTree = BUILT_PRODUCTS_DIR; };
		CD7EAD9D238EC780006BA9A2 /* tagARTests.swift */ = {isa = PBXFileReference; lastKnownFileType = sourcecode.swift; path = tagARTests.swift; sourceTree = "<group>"; };
		CD7EAD9F238EC780006BA9A2 /* Info.plist */ = {isa = PBXFileReference; lastKnownFileType = text.plist.xml; path = Info.plist; sourceTree = "<group>"; };
		CD7EADA4238EC780006BA9A2 /* tagARUITests.xctest */ = {isa = PBXFileReference; explicitFileType = wrapper.cfbundle; includeInIndex = 0; path = tagARUITests.xctest; sourceTree = BUILT_PRODUCTS_DIR; };
		CD7EADA8238EC780006BA9A2 /* tagARUITests.swift */ = {isa = PBXFileReference; lastKnownFileType = sourcecode.swift; path = tagARUITests.swift; sourceTree = "<group>"; };
		CD7EADAA238EC780006BA9A2 /* Info.plist */ = {isa = PBXFileReference; lastKnownFileType = text.plist.xml; path = Info.plist; sourceTree = "<group>"; };
/* End PBXFileReference section */

/* Begin PBXFrameworksBuildPhase section */
		CD7EAD80238EC77F006BA9A2 /* Frameworks */ = {
			isa = PBXFrameworksBuildPhase;
			buildActionMask = 2147483647;
			files = (
			);
			runOnlyForDeploymentPostprocessing = 0;
		};
		CD7EAD96238EC780006BA9A2 /* Frameworks */ = {
			isa = PBXFrameworksBuildPhase;
			buildActionMask = 2147483647;
			files = (
			);
			runOnlyForDeploymentPostprocessing = 0;
		};
		CD7EADA1238EC780006BA9A2 /* Frameworks */ = {
			isa = PBXFrameworksBuildPhase;
			buildActionMask = 2147483647;
			files = (
			);
			runOnlyForDeploymentPostprocessing = 0;
		};
/* End PBXFrameworksBuildPhase section */

/* Begin PBXGroup section */
		CD7EAD7A238EC77F006BA9A2 = {
			isa = PBXGroup;
			children = (
				CD7EAD85238EC77F006BA9A2 /* tagAR */,
				CD7EAD9C238EC780006BA9A2 /* tagARTests */,
				CD7EADA7238EC780006BA9A2 /* tagARUITests */,
				CD7EAD84238EC77F006BA9A2 /* Products */,
			);
			sourceTree = "<group>";
		};
		CD7EAD84238EC77F006BA9A2 /* Products */ = {
			isa = PBXGroup;
			children = (
				CD7EAD83238EC77F006BA9A2 /* tagAR.app */,
				CD7EAD99238EC780006BA9A2 /* tagARTests.xctest */,
				CD7EADA4238EC780006BA9A2 /* tagARUITests.xctest */,
			);
			name = Products;
			sourceTree = "<group>";
		};
		CD7EAD85238EC77F006BA9A2 /* tagAR */ = {
			isa = PBXGroup;
			children = (
				CD7EAD86238EC77F006BA9A2 /* AppDelegate.swift */,
				CD7EAD88238EC77F006BA9A2 /* SceneDelegate.swift */,
				CD7EAD8A238EC77F006BA9A2 /* ViewController.swift */,
				CD7EAD8C238EC77F006BA9A2 /* Main.storyboard */,
				CD7EAD8F238EC77F006BA9A2 /* Assets.xcassets */,
				CD7EAD91238EC77F006BA9A2 /* LaunchScreen.storyboard */,
				CD7EAD94238EC77F006BA9A2 /* Info.plist */,
			);
			path = tagAR;
			sourceTree = "<group>";
		};
		CD7EAD9C238EC780006BA9A2 /* tagARTests */ = {
			isa = PBXGroup;
			children = (
				CD7EAD9D238EC780006BA9A2 /* tagARTests.swift */,
				CD7EAD9F238EC780006BA9A2 /* Info.plist */,
			);
			path = tagARTests;
			sourceTree = "<group>";
		};
		CD7EADA7238EC780006BA9A2 /* tagARUITests */ = {
			isa = PBXGroup;
			children = (
				CD7EADA8238EC780006BA9A2 /* tagARUITests.swift */,
				CD7EADAA238EC780006BA9A2 /* Info.plist */,
			);
			path = tagARUITests;
			sourceTree = "<group>";
		};
/* End PBXGroup section */

/* Begin PBXNativeTarget section */
		CD7EAD82238EC77F006BA9A2 /* tagAR */ = {
			isa = PBXNativeTarget;
			buildConfigurationList = CD7EADAD238EC780006BA9A2 /* Build configuration list for PBXNativeTarget "tagAR" */;
			buildPhases = (
				CD7EAD7F238EC77F006BA9A2 /* Sources */,
				CD7EAD80238EC77F006BA9A2 /* Frameworks */,
				CD7EAD81238EC77F006BA9A2 /* Resources */,
			);
			buildRules = (
			);
			dependencies = (
			);
			name = tagAR;
			productName = tagAR;
			productReference = CD7EAD83238EC77F006BA9A2 /* tagAR.app */;
			productType = "com.apple.product-type.application";
		};
		CD7EAD98238EC780006BA9A2 /* tagARTests */ = {
			isa = PBXNativeTarget;
			buildConfigurationList = CD7EADB0238EC780006BA9A2 /* Build configuration list for PBXNativeTarget "tagARTests" */;
			buildPhases = (
				CD7EAD95238EC780006BA9A2 /* Sources */,
				CD7EAD96238EC780006BA9A2 /* Frameworks */,
				CD7EAD97238EC780006BA9A2 /* Resources */,
			);
			buildRules = (
			);
			dependencies = (
				CD7EAD9B238EC780006BA9A2 /* PBXTargetDependency */,
			);
			name = tagARTests;
			productName = tagARTests;
			productReference = CD7EAD99238EC780006BA9A2 /* tagARTests.xctest */;
			productType = "com.apple.product-type.bundle.unit-test";
		};
		CD7EADA3238EC780006BA9A2 /* tagARUITests */ = {
			isa = PBXNativeTarget;
			buildConfigurationList = CD7EADB3238EC780006BA9A2 /* Build configuration list for PBXNativeTarget "tagARUITests" */;
			buildPhases = (
				CD7EADA0238EC780006BA9A2 /* Sources */,
				CD7EADA1238EC780006BA9A2 /* Frameworks */,
				CD7EADA2238EC780006BA9A2 /* Resources */,
			);
			buildRules = (
			);
			dependencies = (
				CD7EADA6238EC780006BA9A2 /* PBXTargetDependency */,
			);
			name = tagARUITests;
			productName = tagARUITests;
			productReference = CD7EADA4238EC780006BA9A2 /* tagARUITests.xctest */;
			productType = "com.apple.product-type.bundle.ui-testing";
		};
/* End PBXNativeTarget section */

/* Begin PBXProject section */
		CD7EAD7B238EC77F006BA9A2 /* Project object */ = {
			isa = PBXProject;
			attributes = {
				LastSwiftUpdateCheck = 1120;
				LastUpgradeCheck = 1120;
				ORGANIZATIONNAME = moa;
				TargetAttributes = {
					CD7EAD82238EC77F006BA9A2 = {
						CreatedOnToolsVersion = 11.2.1;
					};
					CD7EAD98238EC780006BA9A2 = {
						CreatedOnToolsVersion = 11.2.1;
						TestTargetID = CD7EAD82238EC77F006BA9A2;
					};
					CD7EADA3238EC780006BA9A2 = {
						CreatedOnToolsVersion = 11.2.1;
						TestTargetID = CD7EAD82238EC77F006BA9A2;
					};
				};
			};
			buildConfigurationList = CD7EAD7E238EC77F006BA9A2 /* Build configuration list for PBXProject "tagAR" */;
			compatibilityVersion = "Xcode 9.3";
			developmentRegion = en;
			hasScannedForEncodings = 0;
			knownRegions = (
				en,
				Base,
			);
			mainGroup = CD7EAD7A238EC77F006BA9A2;
			productRefGroup = CD7EAD84238EC77F006BA9A2 /* Products */;
			projectDirPath = "";
			projectRoot = "";
			targets = (
				CD7EAD82238EC77F006BA9A2 /* tagAR */,
				CD7EAD98238EC780006BA9A2 /* tagARTests */,
				CD7EADA3238EC780006BA9A2 /* tagARUITests */,
			);
		};
/* End PBXProject section */

/* Begin PBXResourcesBuildPhase section */
		CD7EAD81238EC77F006BA9A2 /* Resources */ = {
			isa = PBXResourcesBuildPhase;
			buildActionMask = 2147483647;
			files = (
				CD7EAD93238EC77F006BA9A2 /* LaunchScreen.storyboard in Resources */,
				CD7EAD90238EC77F006BA9A2 /* Assets.xcassets in Resources */,
				CD7EAD8E238EC77F006BA9A2 /* Main.storyboard in Resources */,
			);
			runOnlyForDeploymentPostprocessing = 0;
		};
		CD7EAD97238EC780006BA9A2 /* Resources */ = {
			isa = PBXResourcesBuildPhase;
			buildActionMask = 2147483647;
			files = (
			);
			runOnlyForDeploymentPostprocessing = 0;
		};
		CD7EADA2238EC780006BA9A2 /* Resources */ = {
			isa = PBXResourcesBuildPhase;
			buildActionMask = 2147483647;
			files = (
			);
			runOnlyForDeploymentPostprocessing = 0;
		};
/* End PBXResourcesBuildPhase section */

/* Begin PBXSourcesBuildPhase section */
		CD7EAD7F238EC77F006BA9A2 /* Sources */ = {
			isa = PBXSourcesBuildPhase;
			buildActionMask = 2147483647;
			files = (
				CD7EAD8B238EC77F006BA9A2 /* ViewController.swift in Sources */,
				CD7EAD87238EC77F006BA9A2 /* AppDelegate.swift in Sources */,
				CD7EAD89238EC77F006BA9A2 /* SceneDelegate.swift in Sources */,
			);
			runOnlyForDeploymentPostprocessing = 0;
		};
		CD7EAD95238EC780006BA9A2 /* Sources */ = {
			isa = PBXSourcesBuildPhase;
			buildActionMask = 2147483647;
			files = (
				CD7EAD9E238EC780006BA9A2 /* tagARTests.swift in Sources */,
			);
			runOnlyForDeploymentPostprocessing = 0;
		};
		CD7EADA0238EC780006BA9A2 /* Sources */ = {
			isa = PBXSourcesBuildPhase;
			buildActionMask = 2147483647;
			files = (
				CD7EADA9238EC780006BA9A2 /* tagARUITests.swift in Sources */,
			);
			runOnlyForDeploymentPostprocessing = 0;
		};
/* End PBXSourcesBuildPhase section */

/* Begin PBXTargetDependency section */
		CD7EAD9B238EC780006BA9A2 /* PBXTargetDependency */ = {
			isa = PBXTargetDependency;
			target = CD7EAD82238EC77F006BA9A2 /* tagAR */;
			targetProxy = CD7EAD9A238EC780006BA9A2 /* PBXContainerItemProxy */;
		};
		CD7EADA6238EC780006BA9A2 /* PBXTargetDependency */ = {
			isa = PBXTargetDependency;
			target = CD7EAD82238EC77F006BA9A2 /* tagAR */;
			targetProxy = CD7EADA5238EC780006BA9A2 /* PBXContainerItemProxy */;
		};
/* End PBXTargetDependency section */

/* Begin PBXVariantGroup section */
		CD7EAD8C238EC77F006BA9A2 /* Main.storyboard */ = {
			isa = PBXVariantGroup;
			children = (
				CD7EAD8D238EC77F006BA9A2 /* Base */,
			);
			name = Main.storyboard;
			sourceTree = "<group>";
		};
		CD7EAD91238EC77F006BA9A2 /* LaunchScreen.storyboard */ = {
			isa = PBXVariantGroup;
			children = (
				CD7EAD92238EC77F006BA9A2 /* Base */,
			);
			name = LaunchScreen.storyboard;
			sourceTree = "<group>";
		};
/* End PBXVariantGroup section */

/* Begin XCBuildConfiguration section */
		CD7EADAB238EC780006BA9A2 /* Debug */ = {
			isa = XCBuildConfiguration;
			buildSettings = {
				ALWAYS_SEARCH_USER_PATHS = NO;
				CLANG_ANALYZER_NONNULL = YES;
				CLANG_ANALYZER_NUMBER_OBJECT_CONVERSION = YES_AGGRESSIVE;
				CLANG_CXX_LANGUAGE_STANDARD = "gnu++14";
				CLANG_CXX_LIBRARY = "libc++";
				CLANG_ENABLE_MODULES = YES;
				CLANG_ENABLE_OBJC_ARC = YES;
				CLANG_ENABLE_OBJC_WEAK = YES;
				CLANG_WARN_BLOCK_CAPTURE_AUTORELEASING = YES;
				CLANG_WARN_BOOL_CONVERSION = YES;
				CLANG_WARN_COMMA = YES;
				CLANG_WARN_CONSTANT_CONVERSION = YES;
				CLANG_WARN_DEPRECATED_OBJC_IMPLEMENTATIONS = YES;
				CLANG_WARN_DIRECT_OBJC_ISA_USAGE = YES_ERROR;
				CLANG_WARN_DOCUMENTATION_COMMENTS = YES;
				CLANG_WARN_EMPTY_BODY = YES;
				CLANG_WARN_ENUM_CONVERSION = YES;
				CLANG_WARN_INFINITE_RECURSION = YES;
				CLANG_WARN_INT_CONVERSION = YES;
				CLANG_WARN_NON_LITERAL_NULL_CONVERSION = YES;
				CLANG_WARN_OBJC_IMPLICIT_RETAIN_SELF = YES;
				CLANG_WARN_OBJC_LITERAL_CONVERSION = YES;
				CLANG_WARN_OBJC_ROOT_CLASS = YES_ERROR;
				CLANG_WARN_RANGE_LOOP_ANALYSIS = YES;
				CLANG_WARN_STRICT_PROTOTYPES = YES;
				CLANG_WARN_SUSPICIOUS_MOVE = YES;
				CLANG_WARN_UNGUARDED_AVAILABILITY = YES_AGGRESSIVE;
				CLANG_WARN_UNREACHABLE_CODE = YES;
				CLANG_WARN__DUPLICATE_METHOD_MATCH = YES;
				COPY_PHASE_STRIP = NO;
				DEBUG_INFORMATION_FORMAT = dwarf;
				ENABLE_STRICT_OBJC_MSGSEND = YES;
				ENABLE_TESTABILITY = YES;
				GCC_C_LANGUAGE_STANDARD = gnu11;
				GCC_DYNAMIC_NO_PIC = NO;
				GCC_NO_COMMON_BLOCKS = YES;
				GCC_OPTIMIZATION_LEVEL = 0;
				GCC_PREPROCESSOR_DEFINITIONS = (
					"DEBUG=1",
					"$(inherited)",
				);
				GCC_WARN_64_TO_32_BIT_CONVERSION = YES;
				GCC_WARN_ABOUT_RETURN_TYPE = YES_ERROR;
				GCC_WARN_UNDECLARED_SELECTOR = YES;
				GCC_WARN_UNINITIALIZED_AUTOS = YES_AGGRESSIVE;
				GCC_WARN_UNUSED_FUNCTION = YES;
				GCC_WARN_UNUSED_VARIABLE = YES;
				IPHONEOS_DEPLOYMENT_TARGET = 13.2;
				MTL_ENABLE_DEBUG_INFO = INCLUDE_SOURCE;
				MTL_FAST_MATH = YES;
				ONLY_ACTIVE_ARCH = YES;
				SDKROOT = iphoneos;
				SWIFT_ACTIVE_COMPILATION_CONDITIONS = DEBUG;
				SWIFT_OPTIMIZATION_LEVEL = "-Onone";
			};
			name = Debug;
		};
		CD7EADAC238EC780006BA9A2 /* Release */ = {
			isa = XCBuildConfiguration;
			buildSettings = {
				ALWAYS_SEARCH_USER_PATHS = NO;
				CLANG_ANALYZER_NONNULL = YES;
				CLANG_ANALYZER_NUMBER_OBJECT_CONVERSION = YES_AGGRESSIVE;
				CLANG_CXX_LANGUAGE_STANDARD = "gnu++14";
				CLANG_CXX_LIBRARY = "libc++";
				CLANG_ENABLE_MODULES = YES;
				CLANG_ENABLE_OBJC_ARC = YES;
				CLANG_ENABLE_OBJC_WEAK = YES;
				CLANG_WARN_BLOCK_CAPTURE_AUTORELEASING = YES;
				CLANG_WARN_BOOL_CONVERSION = YES;
				CLANG_WARN_COMMA = YES;
				CLANG_WARN_CONSTANT_CONVERSION = YES;
				CLANG_WARN_DEPRECATED_OBJC_IMPLEMENTATIONS = YES;
				CLANG_WARN_DIRECT_OBJC_ISA_USAGE = YES_ERROR;
				CLANG_WARN_DOCUMENTATION_COMMENTS = YES;
				CLANG_WARN_EMPTY_BODY = YES;
				CLANG_WARN_ENUM_CONVERSION = YES;
				CLANG_WARN_INFINITE_RECURSION = YES;
				CLANG_WARN_INT_CONVERSION = YES;
				CLANG_WARN_NON_LITERAL_NULL_CONVERSION = YES;
				CLANG_WARN_OBJC_IMPLICIT_RETAIN_SELF = YES;
				CLANG_WARN_OBJC_LITERAL_CONVERSION = YES;
				CLANG_WARN_OBJC_ROOT_CLASS = YES_ERROR;
				CLANG_WARN_RANGE_LOOP_ANALYSIS = YES;
				CLANG_WARN_STRICT_PROTOTYPES = YES;
				CLANG_WARN_SUSPICIOUS_MOVE = YES;
				CLANG_WARN_UNGUARDED_AVAILABILITY = YES_AGGRESSIVE;
				CLANG_WARN_UNREACHABLE_CODE = YES;
				CLANG_WARN__DUPLICATE_METHOD_MATCH = YES;
				COPY_PHASE_STRIP = NO;
				DEBUG_INFORMATION_FORMAT = "dwarf-with-dsym";
				ENABLE_NS_ASSERTIONS = NO;
				ENABLE_STRICT_OBJC_MSGSEND = YES;
				GCC_C_LANGUAGE_STANDARD = gnu11;
				GCC_NO_COMMON_BLOCKS = YES;
				GCC_WARN_64_TO_32_BIT_CONVERSION = YES;
				GCC_WARN_ABOUT_RETURN_TYPE = YES_ERROR;
				GCC_WARN_UNDECLARED_SELECTOR = YES;
				GCC_WARN_UNINITIALIZED_AUTOS = YES_AGGRESSIVE;
				GCC_WARN_UNUSED_FUNCTION = YES;
				GCC_WARN_UNUSED_VARIABLE = YES;
				IPHONEOS_DEPLOYMENT_TARGET = 13.2;
				MTL_ENABLE_DEBUG_INFO = NO;
				MTL_FAST_MATH = YES;
				SDKROOT = iphoneos;
				SWIFT_COMPILATION_MODE = wholemodule;
				SWIFT_OPTIMIZATION_LEVEL = "-O";
				VALIDATE_PRODUCT = YES;
			};
			name = Release;
		};
		CD7EADAE238EC780006BA9A2 /* Debug */ = {
			isa = XCBuildConfiguration;
			buildSettings = {
				ASSETCATALOG_COMPILER_APPICON_NAME = AppIcon;
				CODE_SIGN_STYLE = Automatic;
				DEVELOPMENT_TEAM = 8959K9SBUN;
				INFOPLIST_FILE = tagAR/Info.plist;
				LD_RUNPATH_SEARCH_PATHS = (
					"$(inherited)",
					"@executable_path/Frameworks",
				);
				PRODUCT_BUNDLE_IDENTIFIER = com.multumodal.tagAR.tagAR;
				PRODUCT_NAME = "$(TARGET_NAME)";
				SWIFT_VERSION = 5.0;
				TARGETED_DEVICE_FAMILY = 1;
			};
			name = Debug;
		};
		CD7EADAF238EC780006BA9A2 /* Release */ = {
			isa = XCBuildConfiguration;
			buildSettings = {
				ASSETCATALOG_COMPILER_APPICON_NAME = AppIcon;
				CODE_SIGN_STYLE = Automatic;
				DEVELOPMENT_TEAM = 8959K9SBUN;
				INFOPLIST_FILE = tagAR/Info.plist;
				LD_RUNPATH_SEARCH_PATHS = (
					"$(inherited)",
					"@executable_path/Frameworks",
				);
				PRODUCT_BUNDLE_IDENTIFIER = com.multumodal.tagAR.tagAR;
				PRODUCT_NAME = "$(TARGET_NAME)";
				SWIFT_VERSION = 5.0;
				TARGETED_DEVICE_FAMILY = 1;
			};
			name = Release;
		};
		CD7EADB1238EC780006BA9A2 /* Debug */ = {
			isa = XCBuildConfiguration;
			buildSettings = {
				ALWAYS_EMBED_SWIFT_STANDARD_LIBRARIES = YES;
				BUNDLE_LOADER = "$(TEST_HOST)";
				CODE_SIGN_STYLE = Automatic;
				DEVELOPMENT_TEAM = 8959K9SBUN;
				INFOPLIST_FILE = tagARTests/Info.plist;
				IPHONEOS_DEPLOYMENT_TARGET = 13.2;
				LD_RUNPATH_SEARCH_PATHS = (
					"$(inherited)",
					"@executable_path/Frameworks",
					"@loader_path/Frameworks",
				);
				PRODUCT_BUNDLE_IDENTIFIER = com.multumodal.tagAR.tagARTests;
				PRODUCT_NAME = "$(TARGET_NAME)";
				SWIFT_VERSION = 5.0;
				TARGETED_DEVICE_FAMILY = "1,2";
				TEST_HOST = "$(BUILT_PRODUCTS_DIR)/tagAR.app/tagAR";
			};
			name = Debug;
		};
		CD7EADB2238EC780006BA9A2 /* Release */ = {
			isa = XCBuildConfiguration;
			buildSettings = {
				ALWAYS_EMBED_SWIFT_STANDARD_LIBRARIES = YES;
				BUNDLE_LOADER = "$(TEST_HOST)";
				CODE_SIGN_STYLE = Automatic;
				DEVELOPMENT_TEAM = 8959K9SBUN;
				INFOPLIST_FILE = tagARTests/Info.plist;
				IPHONEOS_DEPLOYMENT_TARGET = 13.2;
				LD_RUNPATH_SEARCH_PATHS = (
					"$(inherited)",
					"@executable_path/Frameworks",
					"@loader_path/Frameworks",
				);
				PRODUCT_BUNDLE_IDENTIFIER = com.multumodal.tagAR.tagARTests;
				PRODUCT_NAME = "$(TARGET_NAME)";
				SWIFT_VERSION = 5.0;
				TARGETED_DEVICE_FAMILY = "1,2";
				TEST_HOST = "$(BUILT_PRODUCTS_DIR)/tagAR.app/tagAR";
			};
			name = Release;
		};
		CD7EADB4238EC780006BA9A2 /* Debug */ = {
			isa = XCBuildConfiguration;
			buildSettings = {
				ALWAYS_EMBED_SWIFT_STANDARD_LIBRARIES = YES;
				CODE_SIGN_STYLE = Automatic;
				DEVELOPMENT_TEAM = 8959K9SBUN;
				INFOPLIST_FILE = tagARUITests/Info.plist;
				LD_RUNPATH_SEARCH_PATHS = (
					"$(inherited)",
					"@executable_path/Frameworks",
					"@loader_path/Frameworks",
				);
				PRODUCT_BUNDLE_IDENTIFIER = com.multumodal.tagAR.tagARUITests;
				PRODUCT_NAME = "$(TARGET_NAME)";
				SWIFT_VERSION = 5.0;
				TARGETED_DEVICE_FAMILY = "1,2";
				TEST_TARGET_NAME = tagAR;
			};
			name = Debug;
		};
		CD7EADB5238EC780006BA9A2 /* Release */ = {
			isa = XCBuildConfiguration;
			buildSettings = {
				ALWAYS_EMBED_SWIFT_STANDARD_LIBRARIES = YES;
				CODE_SIGN_STYLE = Automatic;
				DEVELOPMENT_TEAM = 8959K9SBUN;
				INFOPLIST_FILE = tagARUITests/Info.plist;
				LD_RUNPATH_SEARCH_PATHS = (
					"$(inherited)",
					"@executable_path/Frameworks",
					"@loader_path/Frameworks",
				);
				PRODUCT_BUNDLE_IDENTIFIER = com.multumodal.tagAR.tagARUITests;
				PRODUCT_NAME = "$(TARGET_NAME)";
				SWIFT_VERSION = 5.0;
				TARGETED_DEVICE_FAMILY = "1,2";
				TEST_TARGET_NAME = tagAR;
			};
			name = Release;
		};
/* End XCBuildConfiguration section */

/* Begin XCConfigurationList section */
		CD7EAD7E238EC77F006BA9A2 /* Build configuration list for PBXProject "tagAR" */ = {
			isa = XCConfigurationList;
			buildConfigurations = (
				CD7EADAB238EC780006BA9A2 /* Debug */,
				CD7EADAC238EC780006BA9A2 /* Release */,
			);
			defaultConfigurationIsVisible = 0;
			defaultConfigurationName = Release;
		};
		CD7EADAD238EC780006BA9A2 /* Build configuration list for PBXNativeTarget "tagAR" */ = {
			isa = XCConfigurationList;
			buildConfigurations = (
				CD7EADAE238EC780006BA9A2 /* Debug */,
				CD7EADAF238EC780006BA9A2 /* Release */,
			);
			defaultConfigurationIsVisible = 0;
			defaultConfigurationName = Release;
		};
		CD7EADB0238EC780006BA9A2 /* Build configuration list for PBXNativeTarget "tagARTests" */ = {
			isa = XCConfigurationList;
			buildConfigurations = (
				CD7EADB1238EC780006BA9A2 /* Debug */,
				CD7EADB2238EC780006BA9A2 /* Release */,
			);
			defaultConfigurationIsVisible = 0;
			defaultConfigurationName = Release;
		};
		CD7EADB3238EC780006BA9A2 /* Build configuration list for PBXNativeTarget "tagARUITests" */ = {
			isa = XCConfigurationList;
			buildConfigurations = (
				CD7EADB4238EC780006BA9A2 /* Debug */,
				CD7EADB5238EC780006BA9A2 /* Release */,
			);
			defaultConfigurationIsVisible = 0;
			defaultConfigurationName = Release;
		};
/* End XCConfigurationList section */
	};
	rootObject = CD7EAD7B238EC77F006BA9A2 /* Project object */;
}
